
Microsoft Visual Studio Solution File, Format Version 12.00
# Visual Studio Version 17
VisualStudioVersion = 17.0.31710.8
MinimumVisualStudioVersion = 10.0.40219.1
Project("{9A19103F-16F7-4668-BE54-9A1E7A4F7556}") = "I", "I\I.csproj", "{6F23EF6D-E97C-4FA1-AEEE-28AD317E0CCD}"
EndProject
Project("{9A19103F-16F7-4668-BE54-9A1E7A4F7556}") = "I.I", "I.I\I.I.csproj", "{2B0CD613-BFA2-4E9A-B4F7-943198D05FCA}"
EndProject
Project("{FAE04EC0-301F-11D3-BF4B-00C04F79EFBC}") = "II", "II\II.csproj", "{3B119A81-CB3E-447A-B95A-D183A34C91F1}"
EndProject
Project("{FAE04EC0-301F-11D3-BF4B-00C04F79EFBC}") = "III", "III\III.csproj", "{8EB887A1-AF2C-4080-B8FF-48FDED59D322}"
EndProject
Project("{FAE04EC0-301F-11D3-BF4B-00C04F79EFBC}") = "IV", "IV\IV.csproj", "{B8B48697-29A4-4745-9E8A-62EDF236F02D}"
EndProject
Project("{FAE04EC0-301F-11D3-BF4B-00C04F79EFBC}") = "V", "V\V.csproj", "{EA685985-FBC3-49E9-ABD8-836136DF4258}"
EndProject
Project("{FAE04EC0-301F-11D3-BF4B-00C04F79EFBC}") = "VI", "VI\VI.csproj", "{46555A4E-C4F2-4C20-9BD5-7D554821016A}"
EndProject
Project("{FAE04EC0-301F-11D3-BF4B-00C04F79EFBC}") = "VII", "VII\VII.csproj", "{E9C57D29-88E6-4398-B1C5-25B03C49192A}"
EndProject
Project("{FAE04EC0-301F-11D3-BF4B-00C04F79EFBC}") = "VIII", "VIII\VIII.csproj", "{76AC65F2-A29B-408C-A982-0B52B8932D38}"
EndProject
Project("{FAE04EC0-301F-11D3-BF4B-00C04F79EFBC}") = "IX", "IX\IX.csproj", "{EF812FD7-BB0F-4EBC-87EF-0060812B8F8B}"
EndProject
Global
	GlobalSection(SolutionConfigurationPlatforms) = preSolution
		Debug|Any CPU = Debug|Any CPU
		Release|Any CPU = Release|Any CPU
	EndGlobalSection
	GlobalSection(ProjectConfigurationPlatforms) = postSolution
		{6F23EF6D-E97C-4FA1-AEEE-28AD317E0CCD}.Debug|Any CPU.ActiveCfg = Debug|Any CPU
		{6F23EF6D-E97C-4FA1-AEEE-28AD317E0CCD}.Debug|Any CPU.Build.0 = Debug|Any CPU
		{6F23EF6D-E97C-4FA1-AEEE-28AD317E0CCD}.Release|Any CPU.ActiveCfg = Release|Any CPU
		{6F23EF6D-E97C-4FA1-AEEE-28AD317E0CCD}.Release|Any CPU.Build.0 = Release|Any CPU
		{2B0CD613-BFA2-4E9A-B4F7-943198D05FCA}.Debug|Any CPU.ActiveCfg = Debug|Any CPU
		{2B0CD613-BFA2-4E9A-B4F7-943198D05FCA}.Debug|Any CPU.Build.0 = Debug|Any CPU
		{2B0CD613-BFA2-4E9A-B4F7-943198D05FCA}.Release|Any CPU.ActiveCfg = Release|Any CPU
		{2B0CD613-BFA2-4E9A-B4F7-943198D05FCA}.Release|Any CPU.Build.0 = Release|Any CPU
		{3B119A81-CB3E-447A-B95A-D183A34C91F1}.Debug|Any CPU.ActiveCfg = Debug|Any CPU
		{3B119A81-CB3E-447A-B95A-D183A34C91F1}.Debug|Any CPU.Build.0 = Debug|Any CPU
		{3B119A81-CB3E-447A-B95A-D183A34C91F1}.Release|Any CPU.ActiveCfg = Release|Any CPU
		{3B119A81-CB3E-447A-B95A-D183A34C91F1}.Release|Any CPU.Build.0 = Release|Any CPU
		{8EB887A1-AF2C-4080-B8FF-48FDED59D322}.Debug|Any CPU.ActiveCfg = Debug|Any CPU
		{8EB887A1-AF2C-4080-B8FF-48FDED59D322}.Debug|Any CPU.Build.0 = Debug|Any CPU
		{8EB887A1-AF2C-4080-B8FF-48FDED59D322}.Release|Any CPU.ActiveCfg = Release|Any CPU
		{8EB887A1-AF2C-4080-B8FF-48FDED59D322}.Release|Any CPU.Build.0 = Release|Any CPU
		{B8B48697-29A4-4745-9E8A-62EDF236F02D}.Debug|Any CPU.ActiveCfg = Debug|Any CPU
		{B8B48697-29A4-4745-9E8A-62EDF236F02D}.Debug|Any CPU.Build.0 = Debug|Any CPU
		{B8B48697-29A4-4745-9E8A-62EDF236F02D}.Release|Any CPU.ActiveCfg = Release|Any CPU
		{B8B48697-29A4-4745-9E8A-62EDF236F02D}.Release|Any CPU.Build.0 = Release|Any CPU
		{EA685985-FBC3-49E9-ABD8-836136DF4258}.Debug|Any CPU.ActiveCfg = Debug|Any CPU
		{EA685985-FBC3-49E9-ABD8-836136DF4258}.Debug|Any CPU.Build.0 = Debug|Any CPU
		{EA685985-FBC3-49E9-ABD8-836136DF4258}.Release|Any CPU.ActiveCfg = Release|Any CPU
		{EA685985-FBC3-49E9-ABD8-836136DF4258}.Release|Any CPU.Build.0 = Release|Any CPU
		{46555A4E-C4F2-4C20-9BD5-7D554821016A}.Debug|Any CPU.ActiveCfg = Debug|Any CPU
		{46555A4E-C4F2-4C20-9BD5-7D554821016A}.Debug|Any CPU.Build.0 = Debug|Any CPU
		{46555A4E-C4F2-4C20-9BD5-7D554821016A}.Release|Any CPU.ActiveCfg = Release|Any CPU
		{46555A4E-C4F2-4C20-9BD5-7D554821016A}.Release|Any CPU.Build.0 = Release|Any CPU
		{E9C57D29-88E6-4398-B1C5-25B03C49192A}.Debug|Any CPU.ActiveCfg = Debug|Any CPU
		{E9C57D29-88E6-4398-B1C5-25B03C49192A}.Debug|Any CPU.Build.0 = Debug|Any CPU
		{E9C57D29-88E6-4398-B1C5-25B03C49192A}.Release|Any CPU.ActiveCfg = Release|Any CPU
		{E9C57D29-88E6-4398-B1C5-25B03C49192A}.Release|Any CPU.Build.0 = Release|Any CPU
		{76AC65F2-A29B-408C-A982-0B52B8932D38}.Debug|Any CPU.ActiveCfg = Debug|Any CPU
		{76AC65F2-A29B-408C-A982-0B52B8932D38}.Debug|Any CPU.Build.0 = Debug|Any CPU
		{76AC65F2-A29B-408C-A982-0B52B8932D38}.Release|Any CPU.ActiveCfg = Release|Any CPU
		{76AC65F2-A29B-408C-A982-0B52B8932D38}.Release|Any CPU.Build.0 = Release|Any CPU
		{EF812FD7-BB0F-4EBC-87EF-0060812B8F8B}.Debug|Any CPU.ActiveCfg = Debug|Any CPU
		{EF812FD7-BB0F-4EBC-87EF-0060812B8F8B}.Debug|Any CPU.Build.0 = Debug|Any CPU
		{EF812FD7-BB0F-4EBC-87EF-0060812B8F8B}.Release|Any CPU.ActiveCfg = Release|Any CPU
		{EF812FD7-BB0F-4EBC-87EF-0060812B8F8B}.Release|Any CPU.Build.0 = Release|Any CPU
	EndGlobalSection
	GlobalSection(SolutionProperties) = preSolution
		HideSolutionNode = FALSE
	EndGlobalSection
	GlobalSection(ExtensibilityGlobals) = postSolution
		SolutionGuid = {141C0CB0-384A-4855-9CFF-52B00122FD9E}
	EndGlobalSection
EndGlobal
